
Microsoft Visual Studio Solution File, Format Version 11.00
# Visual Studio 2010
Project("{F2A71F9B-5D33-465A-A702-920D77279786}") = "Problem001", "Problem001\Problem001.fsproj", "{FB163103-E314-438E-A50A-E904010F0D64}"
EndProject
Project("{F2A71F9B-5D33-465A-A702-920D77279786}") = "Problem002", "Problem002\Problem002.fsproj", "{38CAAC84-FAAC-4679-AEA4-4E4535012214}"
EndProject
Project("{F2A71F9B-5D33-465A-A702-920D77279786}") = "Problem003", "Problem003\Problem003.fsproj", "{9082B05F-D0F4-4369-8100-2A93891186F9}"
EndProject
Project("{F2A71F9B-5D33-465A-A702-920D77279786}") = "Problem004", "Problem004\Problem004.fsproj", "{96F54E26-478E-4F0B-B1FF-010E164CEA0F}"
EndProject
Project("{F2A71F9B-5D33-465A-A702-920D77279786}") = "Problem005", "Problem005\Problem005.fsproj", "{BCAC645C-AF7C-458E-B696-1FA4EB27AB0E}"
EndProject
Project("{F2A71F9B-5D33-465A-A702-920D77279786}") = "Problem006", "Problem006\Problem006.fsproj", "{3E2AF931-B0A8-4EFA-8679-189297095FF9}"
EndProject
Project("{F2A71F9B-5D33-465A-A702-920D77279786}") = "Problem007", "Problem007\Problem007.fsproj", "{728CA7AD-DE7E-4FF3-999B-0E824F364020}"
EndProject
Project("{F2A71F9B-5D33-465A-A702-920D77279786}") = "Problem008", "Problem008\Problem008.fsproj", "{10A95B11-E33D-4C20-9D2C-94FF3C46CF78}"
EndProject
Project("{F2A71F9B-5D33-465A-A702-920D77279786}") = "Problem009", "Problem009\Problem009.fsproj", "{7F5702F9-1D37-4B9B-98CC-3A75CCC8AB14}"
EndProject
Project("{F2A71F9B-5D33-465A-A702-920D77279786}") = "Problem010", "Problem010\Problem010.fsproj", "{34BF6984-EC7F-442A-B498-A25B38515D7A}"
EndProject
Project("{F2A71F9B-5D33-465A-A702-920D77279786}") = "Problem012", "Problem012\Problem012.fsproj", "{D4216209-0E33-48DF-B1A6-9ECF03345EDF}"
EndProject
Project("{F2A71F9B-5D33-465A-A702-920D77279786}") = "Problem013", "Problem013\Problem013.fsproj", "{AA45246E-D0E8-477D-AEF0-FA59C5FE65B3}"
EndProject
Project("{F2A71F9B-5D33-465A-A702-920D77279786}") = "Problem017", "Problem017\Problem017.fsproj", "{61964D4B-FFAE-4E44-938A-2DE520A9F1FC}"
EndProject
Project("{F2A71F9B-5D33-465A-A702-920D77279786}") = "Problem019", "Problem019\Problem019.fsproj", "{1DF9AE0E-16D8-420A-B1ED-2250F03808F4}"
EndProject
Project("{F2A71F9B-5D33-465A-A702-920D77279786}") = "Problem020", "Problem020\Problem020.fsproj", "{03792AF1-4DB5-4C82-934D-C3F06B3109AA}"
EndProject
Project("{F2A71F9B-5D33-465A-A702-920D77279786}") = "Problem014", "Problem014\Problem014.fsproj", "{163C4303-7287-4703-A3DD-F08EDFF091C7}"
EndProject
Project("{F2A71F9B-5D33-465A-A702-920D77279786}") = "Problem015", "Problem015\Problem015.fsproj", "{8639559B-05F2-40AD-B55E-46B137430B4A}"
EndProject
Project("{F2A71F9B-5D33-465A-A702-920D77279786}") = "Problem016", "Problem016\Problem016.fsproj", "{00827E04-3711-4EC0-8867-0F8EC2F7BBDD}"
EndProject
Project("{F2A71F9B-5D33-465A-A702-920D77279786}") = "Problem021", "Problem021\Problem021.fsproj", "{EBD41F94-B9F0-4553-8A8F-2F957702E036}"
EndProject
Project("{F2A71F9B-5D33-465A-A702-920D77279786}") = "Problem022", "Problem022\Problem022.fsproj", "{EB9C9EED-8A2D-4EDD-B6F0-D7DF1A2E54C6}"
EndProject
Project("{F2A71F9B-5D33-465A-A702-920D77279786}") = "Problem025", "Problem025\Problem025.fsproj", "{A52602B7-45FB-40A1-8C8E-D861B0AF0C0C}"
EndProject
Project("{F2A71F9B-5D33-465A-A702-920D77279786}") = "Problem026", "Problem026\Problem026.fsproj", "{9478F68F-8E53-45B6-95C6-2F24B831987D}"
EndProject
Global
	GlobalSection(SolutionConfigurationPlatforms) = preSolution
		Debug|x86 = Debug|x86
		Release|x86 = Release|x86
	EndGlobalSection
	GlobalSection(ProjectConfigurationPlatforms) = postSolution
		{FB163103-E314-438E-A50A-E904010F0D64}.Debug|x86.ActiveCfg = Debug|x86
		{FB163103-E314-438E-A50A-E904010F0D64}.Debug|x86.Build.0 = Debug|x86
		{FB163103-E314-438E-A50A-E904010F0D64}.Release|x86.ActiveCfg = Release|x86
		{FB163103-E314-438E-A50A-E904010F0D64}.Release|x86.Build.0 = Release|x86
		{38CAAC84-FAAC-4679-AEA4-4E4535012214}.Debug|x86.ActiveCfg = Debug|x86
		{38CAAC84-FAAC-4679-AEA4-4E4535012214}.Debug|x86.Build.0 = Debug|x86
		{38CAAC84-FAAC-4679-AEA4-4E4535012214}.Release|x86.ActiveCfg = Release|x86
		{38CAAC84-FAAC-4679-AEA4-4E4535012214}.Release|x86.Build.0 = Release|x86
		{9082B05F-D0F4-4369-8100-2A93891186F9}.Debug|x86.ActiveCfg = Debug|x86
		{9082B05F-D0F4-4369-8100-2A93891186F9}.Debug|x86.Build.0 = Debug|x86
		{9082B05F-D0F4-4369-8100-2A93891186F9}.Release|x86.ActiveCfg = Release|x86
		{9082B05F-D0F4-4369-8100-2A93891186F9}.Release|x86.Build.0 = Release|x86
		{96F54E26-478E-4F0B-B1FF-010E164CEA0F}.Debug|x86.ActiveCfg = Debug|x86
		{96F54E26-478E-4F0B-B1FF-010E164CEA0F}.Debug|x86.Build.0 = Debug|x86
		{96F54E26-478E-4F0B-B1FF-010E164CEA0F}.Release|x86.ActiveCfg = Release|x86
		{96F54E26-478E-4F0B-B1FF-010E164CEA0F}.Release|x86.Build.0 = Release|x86
		{BCAC645C-AF7C-458E-B696-1FA4EB27AB0E}.Debug|x86.ActiveCfg = Debug|x86
		{BCAC645C-AF7C-458E-B696-1FA4EB27AB0E}.Debug|x86.Build.0 = Debug|x86
		{BCAC645C-AF7C-458E-B696-1FA4EB27AB0E}.Release|x86.ActiveCfg = Release|x86
		{BCAC645C-AF7C-458E-B696-1FA4EB27AB0E}.Release|x86.Build.0 = Release|x86
		{3E2AF931-B0A8-4EFA-8679-189297095FF9}.Debug|x86.ActiveCfg = Debug|x86
		{3E2AF931-B0A8-4EFA-8679-189297095FF9}.Debug|x86.Build.0 = Debug|x86
		{3E2AF931-B0A8-4EFA-8679-189297095FF9}.Release|x86.ActiveCfg = Release|x86
		{3E2AF931-B0A8-4EFA-8679-189297095FF9}.Release|x86.Build.0 = Release|x86
		{728CA7AD-DE7E-4FF3-999B-0E824F364020}.Debug|x86.ActiveCfg = Debug|x86
		{728CA7AD-DE7E-4FF3-999B-0E824F364020}.Debug|x86.Build.0 = Debug|x86
		{728CA7AD-DE7E-4FF3-999B-0E824F364020}.Release|x86.ActiveCfg = Release|x86
		{728CA7AD-DE7E-4FF3-999B-0E824F364020}.Release|x86.Build.0 = Release|x86
		{10A95B11-E33D-4C20-9D2C-94FF3C46CF78}.Debug|x86.ActiveCfg = Debug|x86
		{10A95B11-E33D-4C20-9D2C-94FF3C46CF78}.Debug|x86.Build.0 = Debug|x86
		{10A95B11-E33D-4C20-9D2C-94FF3C46CF78}.Release|x86.ActiveCfg = Release|x86
		{10A95B11-E33D-4C20-9D2C-94FF3C46CF78}.Release|x86.Build.0 = Release|x86
		{7F5702F9-1D37-4B9B-98CC-3A75CCC8AB14}.Debug|x86.ActiveCfg = Debug|x86
		{7F5702F9-1D37-4B9B-98CC-3A75CCC8AB14}.Debug|x86.Build.0 = Debug|x86
		{7F5702F9-1D37-4B9B-98CC-3A75CCC8AB14}.Release|x86.ActiveCfg = Release|x86
		{7F5702F9-1D37-4B9B-98CC-3A75CCC8AB14}.Release|x86.Build.0 = Release|x86
		{34BF6984-EC7F-442A-B498-A25B38515D7A}.Debug|x86.ActiveCfg = Debug|x86
		{34BF6984-EC7F-442A-B498-A25B38515D7A}.Debug|x86.Build.0 = Debug|x86
		{34BF6984-EC7F-442A-B498-A25B38515D7A}.Release|x86.ActiveCfg = Release|x86
		{34BF6984-EC7F-442A-B498-A25B38515D7A}.Release|x86.Build.0 = Release|x86
		{D4216209-0E33-48DF-B1A6-9ECF03345EDF}.Debug|x86.ActiveCfg = Debug|x86
		{D4216209-0E33-48DF-B1A6-9ECF03345EDF}.Debug|x86.Build.0 = Debug|x86
		{D4216209-0E33-48DF-B1A6-9ECF03345EDF}.Release|x86.ActiveCfg = Release|x86
		{D4216209-0E33-48DF-B1A6-9ECF03345EDF}.Release|x86.Build.0 = Release|x86
		{AA45246E-D0E8-477D-AEF0-FA59C5FE65B3}.Debug|x86.ActiveCfg = Debug|x86
		{AA45246E-D0E8-477D-AEF0-FA59C5FE65B3}.Debug|x86.Build.0 = Debug|x86
		{AA45246E-D0E8-477D-AEF0-FA59C5FE65B3}.Release|x86.ActiveCfg = Release|x86
		{AA45246E-D0E8-477D-AEF0-FA59C5FE65B3}.Release|x86.Build.0 = Release|x86
		{61964D4B-FFAE-4E44-938A-2DE520A9F1FC}.Debug|x86.ActiveCfg = Debug|x86
		{61964D4B-FFAE-4E44-938A-2DE520A9F1FC}.Debug|x86.Build.0 = Debug|x86
		{61964D4B-FFAE-4E44-938A-2DE520A9F1FC}.Release|x86.ActiveCfg = Release|x86
		{61964D4B-FFAE-4E44-938A-2DE520A9F1FC}.Release|x86.Build.0 = Release|x86
		{1DF9AE0E-16D8-420A-B1ED-2250F03808F4}.Debug|x86.ActiveCfg = Debug|x86
		{1DF9AE0E-16D8-420A-B1ED-2250F03808F4}.Debug|x86.Build.0 = Debug|x86
		{1DF9AE0E-16D8-420A-B1ED-2250F03808F4}.Release|x86.ActiveCfg = Release|x86
		{1DF9AE0E-16D8-420A-B1ED-2250F03808F4}.Release|x86.Build.0 = Release|x86
		{03792AF1-4DB5-4C82-934D-C3F06B3109AA}.Debug|x86.ActiveCfg = Debug|x86
		{03792AF1-4DB5-4C82-934D-C3F06B3109AA}.Debug|x86.Build.0 = Debug|x86
		{03792AF1-4DB5-4C82-934D-C3F06B3109AA}.Release|x86.ActiveCfg = Release|x86
		{03792AF1-4DB5-4C82-934D-C3F06B3109AA}.Release|x86.Build.0 = Release|x86
		{163C4303-7287-4703-A3DD-F08EDFF091C7}.Debug|x86.ActiveCfg = Debug|x86
		{163C4303-7287-4703-A3DD-F08EDFF091C7}.Debug|x86.Build.0 = Debug|x86
		{163C4303-7287-4703-A3DD-F08EDFF091C7}.Release|x86.ActiveCfg = Release|x86
		{163C4303-7287-4703-A3DD-F08EDFF091C7}.Release|x86.Build.0 = Release|x86
		{8639559B-05F2-40AD-B55E-46B137430B4A}.Debug|x86.ActiveCfg = Debug|x86
		{8639559B-05F2-40AD-B55E-46B137430B4A}.Debug|x86.Build.0 = Debug|x86
		{8639559B-05F2-40AD-B55E-46B137430B4A}.Release|x86.ActiveCfg = Release|x86
		{8639559B-05F2-40AD-B55E-46B137430B4A}.Release|x86.Build.0 = Release|x86
		{00827E04-3711-4EC0-8867-0F8EC2F7BBDD}.Debug|x86.ActiveCfg = Debug|x86
		{00827E04-3711-4EC0-8867-0F8EC2F7BBDD}.Debug|x86.Build.0 = Debug|x86
		{00827E04-3711-4EC0-8867-0F8EC2F7BBDD}.Release|x86.ActiveCfg = Release|x86
		{00827E04-3711-4EC0-8867-0F8EC2F7BBDD}.Release|x86.Build.0 = Release|x86
		{EBD41F94-B9F0-4553-8A8F-2F957702E036}.Debug|x86.ActiveCfg = Debug|x86
		{EBD41F94-B9F0-4553-8A8F-2F957702E036}.Debug|x86.Build.0 = Debug|x86
		{EBD41F94-B9F0-4553-8A8F-2F957702E036}.Release|x86.ActiveCfg = Release|x86
		{EBD41F94-B9F0-4553-8A8F-2F957702E036}.Release|x86.Build.0 = Release|x86
		{EB9C9EED-8A2D-4EDD-B6F0-D7DF1A2E54C6}.Debug|x86.ActiveCfg = Debug|x86
		{EB9C9EED-8A2D-4EDD-B6F0-D7DF1A2E54C6}.Debug|x86.Build.0 = Debug|x86
		{EB9C9EED-8A2D-4EDD-B6F0-D7DF1A2E54C6}.Release|x86.ActiveCfg = Release|x86
		{EB9C9EED-8A2D-4EDD-B6F0-D7DF1A2E54C6}.Release|x86.Build.0 = Release|x86
		{A52602B7-45FB-40A1-8C8E-D861B0AF0C0C}.Debug|x86.ActiveCfg = Debug|x86
		{A52602B7-45FB-40A1-8C8E-D861B0AF0C0C}.Debug|x86.Build.0 = Debug|x86
		{A52602B7-45FB-40A1-8C8E-D861B0AF0C0C}.Release|x86.ActiveCfg = Release|x86
		{A52602B7-45FB-40A1-8C8E-D861B0AF0C0C}.Release|x86.Build.0 = Release|x86
		{9478F68F-8E53-45B6-95C6-2F24B831987D}.Debug|x86.ActiveCfg = Debug|x86
		{9478F68F-8E53-45B6-95C6-2F24B831987D}.Debug|x86.Build.0 = Debug|x86
		{9478F68F-8E53-45B6-95C6-2F24B831987D}.Release|x86.ActiveCfg = Release|x86
		{9478F68F-8E53-45B6-95C6-2F24B831987D}.Release|x86.Build.0 = Release|x86
	EndGlobalSection
	GlobalSection(SolutionProperties) = preSolution
		HideSolutionNode = FALSE
	EndGlobalSection
EndGlobal
